
Microsoft Visual Studio Solution File, Format Version 12.00
# Visual Studio Version 17
VisualStudioVersion = 17.8.34330.188
MinimumVisualStudioVersion = 10.0.40219.1
Project("{8BC9CEB8-8B4A-11D0-8D11-00A0C91BC942}") = "workshop1", "workshop1\workshop1.vcxproj", "{045E8AA5-7605-48BF-8C4F-53ED5428B022}"
EndProject
Global
	GlobalSection(SolutionConfigurationPlatforms) = preSolution
		Debug|x64 = Debug|x64
		Debug|x86 = Debug|x86
		Release|x64 = Release|x64
		Release|x86 = Release|x86
	EndGlobalSection
	GlobalSection(ProjectConfigurationPlatforms) = postSolution
		{045E8AA5-7605-48BF-8C4F-53ED5428B022}.Debug|x64.ActiveCfg = Debug|x64
		{045E8AA5-7605-48BF-8C4F-53ED5428B022}.Debug|x64.Build.0 = Debug|x64
		{045E8AA5-7605-48BF-8C4F-53ED5428B022}.Debug|x86.ActiveCfg = Debug|Win32
		{045E8AA5-7605-48BF-8C4F-53ED5428B022}.Debug|x86.Build.0 = Debug|Win32
		{045E8AA5-7605-48BF-8C4F-53ED5428B022}.Release|x64.ActiveCfg = Release|x64
		{045E8AA5-7605-48BF-8C4F-53ED5428B022}.Release|x64.Build.0 = Release|x64
		{045E8AA5-7605-48BF-8C4F-53ED5428B022}.Release|x86.ActiveCfg = Release|Win32
		{045E8AA5-7605-48BF-8C4F-53ED5428B022}.Release|x86.Build.0 = Release|Win32
	EndGlobalSection
	GlobalSection(SolutionProperties) = preSolution
		HideSolutionNode = FALSE
	EndGlobalSection
	GlobalSection(ExtensibilityGlobals) = postSolution
		SolutionGuid = {46535691-90AB-498F-BBEA-2359A3031D42}
	EndGlobalSection
EndGlobal
