
Microsoft Visual Studio Solution File, Format Version 12.00
# Visual Studio Version 17
VisualStudioVersion = 17.8.34330.188
MinimumVisualStudioVersion = 10.0.40219.1
Project("{8BC9CEB8-8B4A-11D0-8D11-00A0C91BC942}") = "WEEK09", "WEEK09.vcxproj", "{C139B8F5-1497-473E-8945-FFAAAB291033}"
EndProject
Global
	GlobalSection(SolutionConfigurationPlatforms) = preSolution
		Debug|x64 = Debug|x64
		Debug|x86 = Debug|x86
		Release|x64 = Release|x64
		Release|x86 = Release|x86
	EndGlobalSection
	GlobalSection(ProjectConfigurationPlatforms) = postSolution
		{C139B8F5-1497-473E-8945-FFAAAB291033}.Debug|x64.ActiveCfg = Debug|x64
		{C139B8F5-1497-473E-8945-FFAAAB291033}.Debug|x64.Build.0 = Debug|x64
		{C139B8F5-1497-473E-8945-FFAAAB291033}.Debug|x86.ActiveCfg = Debug|Win32
		{C139B8F5-1497-473E-8945-FFAAAB291033}.Debug|x86.Build.0 = Debug|Win32
		{C139B8F5-1497-473E-8945-FFAAAB291033}.Release|x64.ActiveCfg = Release|x64
		{C139B8F5-1497-473E-8945-FFAAAB291033}.Release|x64.Build.0 = Release|x64
		{C139B8F5-1497-473E-8945-FFAAAB291033}.Release|x86.ActiveCfg = Release|Win32
		{C139B8F5-1497-473E-8945-FFAAAB291033}.Release|x86.Build.0 = Release|Win32
	EndGlobalSection
	GlobalSection(SolutionProperties) = preSolution
		HideSolutionNode = FALSE
	EndGlobalSection
	GlobalSection(ExtensibilityGlobals) = postSolution
		SolutionGuid = {3BBB17B7-2518-4194-BC54-A22885BB425A}
	EndGlobalSection
EndGlobal
